// !$*UTF8*$!
{
	archiveVersion = 1;
	classes = {
	};
	objectVersion = 46;
	objects = {

/* Begin PBXBuildFile section */
		A0FA4C0E1C306FA500E4927D /* AppDelegate.swift in Sources */ = {isa = PBXBuildFile; fileRef = A0FA4C0D1C306FA500E4927D /* AppDelegate.swift */; };
		A0FA4C101C306FA500E4927D /* ViewController.swift in Sources */ = {isa = PBXBuildFile; fileRef = A0FA4C0F1C306FA500E4927D /* ViewController.swift */; };
		A0FA4C131C306FA500E4927D /* Main.storyboard in Resources */ = {isa = PBXBuildFile; fileRef = A0FA4C111C306FA500E4927D /* Main.storyboard */; };
		A0FA4C151C306FA500E4927D /* Assets.xcassets in Resources */ = {isa = PBXBuildFile; fileRef = A0FA4C141C306FA500E4927D /* Assets.xcassets */; };
		A0FA4C181C306FA500E4927D /* LaunchScreen.storyboard in Resources */ = {isa = PBXBuildFile; fileRef = A0FA4C161C306FA500E4927D /* LaunchScreen.storyboard */; };
/* End PBXBuildFile section */

/* Begin PBXFileReference section */
		A0FA4C0A1C306FA500E4927D /* MapSwiftBox.app */ = {isa = PBXFileReference; explicitFileType = wrapper.application; includeInIndex = 0; path = MapSwiftBox.app; sourceTree = BUILT_PRODUCTS_DIR; };
		A0FA4C0D1C306FA500E4927D /* AppDelegate.swift */ = {isa = PBXFileReference; lastKnownFileType = sourcecode.swift; path = AppDelegate.swift; sourceTree = "<group>"; };
		A0FA4C0F1C306FA500E4927D /* ViewController.swift */ = {isa = PBXFileReference; lastKnownFileType = sourcecode.swift; path = ViewController.swift; sourceTree = "<group>"; };
		A0FA4C121C306FA500E4927D /* Base */ = {isa = PBXFileReference; lastKnownFileType = file.storyboard; name = Base; path = Base.lproj/Main.storyboard; sourceTree = "<group>"; };
		A0FA4C141C306FA500E4927D /* Assets.xcassets */ = {isa = PBXFileReference; lastKnownFileType = folder.assetcatalog; path = Assets.xcassets; sourceTree = "<group>"; };
		A0FA4C171C306FA500E4927D /* Base */ = {isa = PBXFileReference; lastKnownFileType = file.storyboard; name = Base; path = Base.lproj/LaunchScreen.storyboard; sourceTree = "<group>"; };
		A0FA4C191C306FA500E4927D /* Info.plist */ = {isa = PBXFileReference; lastKnownFileType = text.plist.xml; path = Info.plist; sourceTree = "<group>"; };
/* End PBXFileReference section */

/* Begin PBXFrameworksBuildPhase section */
		A0FA4C071C306FA500E4927D /* Frameworks */ = {
			isa = PBXFrameworksBuildPhase;
			buildActionMask = 2147483647;
			files = (
			);
			runOnlyForDeploymentPostprocessing = 0;
		};
/* End PBXFrameworksBuildPhase section */

/* Begin PBXGroup section */
		A0FA4C011C306FA500E4927D = {
			isa = PBXGroup;
			children = (
				A0FA4C0C1C306FA500E4927D /* MapSwiftBox */,
				A0FA4C0B1C306FA500E4927D /* Products */,
			);
			sourceTree = "<group>";
		};
		A0FA4C0B1C306FA500E4927D /* Products */ = {
			isa = PBXGroup;
			children = (
				A0FA4C0A1C306FA500E4927D /* MapSwiftBox.app */,
			);
			name = Products;
			sourceTree = "<group>";
		};
		A0FA4C0C1C306FA500E4927D /* MapSwiftBox */ = {
			isa = PBXGroup;
			children = (
				A0FA4C0D1C306FA500E4927D /* AppDelegate.swift */,
				A0FA4C0F1C306FA500E4927D /* ViewController.swift */,
				A0FA4C111C306FA500E4927D /* Main.storyboard */,
				A0FA4C141C306FA500E4927D /* Assets.xcassets */,
				A0FA4C161C306FA500E4927D /* LaunchScreen.storyboard */,
				A0FA4C191C306FA500E4927D /* Info.plist */,
			);
			path = MapSwiftBox;
			sourceTree = "<group>";
		};
/* End PBXGroup section */

/* Begin PBXNativeTarget section */
		A0FA4C091C306FA500E4927D /* MapSwiftBox */ = {
			isa = PBXNativeTarget;
			buildConfigurationList = A0FA4C1C1C306FA500E4927D /* Build configuration list for PBXNativeTarget "MapSwiftBox" */;
			buildPhases = (
				A0FA4C061C306FA500E4927D /* Sources */,
				A0FA4C071C306FA500E4927D /* Frameworks */,
				A0FA4C081C306FA500E4927D /* Resources */,
			);
			buildRules = (
			);
			dependencies = (
			);
			name = MapSwiftBox;
			productName = MapSwiftBox;
			productReference = A0FA4C0A1C306FA500E4927D /* MapSwiftBox.app */;
			productType = "com.apple.product-type.application";
		};
/* End PBXNativeTarget section */

/* Begin PBXProject section */
		A0FA4C021C306FA500E4927D /* Project object */ = {
			isa = PBXProject;
			attributes = {
				LastSwiftUpdateCheck = 0720;
				LastUpgradeCheck = 0720;
				ORGANIZATIONNAME = Lucas;
				TargetAttributes = {
					A0FA4C091C306FA500E4927D = {
						CreatedOnToolsVersion = 7.2;
					};
				};
			};
			buildConfigurationList = A0FA4C051C306FA500E4927D /* Build configuration list for PBXProject "MapSwiftBox" */;
			compatibilityVersion = "Xcode 3.2";
			developmentRegion = English;
			hasScannedForEncodings = 0;
			knownRegions = (
				en,
				Base,
			);
			mainGroup = A0FA4C011C306FA500E4927D;
			productRefGroup = A0FA4C0B1C306FA500E4927D /* Products */;
			projectDirPath = "";
			projectRoot = "";
			targets = (
				A0FA4C091C306FA500E4927D /* MapSwiftBox */,
			);
		};
/* End PBXProject section */

/* Begin PBXResourcesBuildPhase section */
		A0FA4C081C306FA500E4927D /* Resources */ = {
			isa = PBXResourcesBuildPhase;
			buildActionMask = 2147483647;
			files = (
				A0FA4C181C306FA500E4927D /* LaunchScreen.storyboard in Resources */,
				A0FA4C151C306FA500E4927D /* Assets.xcassets in Resources */,
				A0FA4C131C306FA500E4927D /* Main.storyboard in Resources */,
			);
			runOnlyForDeploymentPostprocessing = 0;
		};
/* End PBXResourcesBuildPhase section */

/* Begin PBXSourcesBuildPhase section */
		A0FA4C061C306FA500E4927D /* Sources */ = {
			isa = PBXSourcesBuildPhase;
			buildActionMask = 2147483647;
			files = (
				A0FA4C101C306FA500E4927D /* ViewController.swift in Sources */,
				A0FA4C0E1C306FA500E4927D /* AppDelegate.swift in Sources */,
			);
			runOnlyForDeploymentPostprocessing = 0;
		};
/* End PBXSourcesBuildPhase section */

/* Begin PBXVariantGroup section */
		A0FA4C111C306FA500E4927D /* Main.storyboard */ = {
			isa = PBXVariantGroup;
			children = (
				A0FA4C121C306FA500E4927D /* Base */,
			);
			name = Main.storyboard;
			sourceTree = "<group>";
		};
		A0FA4C161C306FA500E4927D /* LaunchScreen.storyboard */ = {
			isa = PBXVariantGroup;
			children = (
				A0FA4C171C306FA500E4927D /* Base */,
			);
			name = LaunchScreen.storyboard;
			sourceTree = "<group>";
		};
/* End PBXVariantGroup section */

/* Begin XCBuildConfiguration section */
		A0FA4C1A1C306FA500E4927D /* Debug */ = {
			isa = XCBuildConfiguration;
			buildSettings = {
				ALWAYS_SEARCH_USER_PATHS = NO;
				CLANG_CXX_LANGUAGE_STANDARD = "gnu++0x";
				CLANG_CXX_LIBRARY = "libc++";
				CLANG_ENABLE_MODULES = YES;
				CLANG_ENABLE_OBJC_ARC = YES;
				CLANG_WARN_BOOL_CONVERSION = YES;
				CLANG_WARN_CONSTANT_CONVERSION = YES;
				CLANG_WARN_DIRECT_OBJC_ISA_USAGE = YES_ERROR;
				CLANG_WARN_EMPTY_BODY = YES;
				CLANG_WARN_ENUM_CONVERSION = YES;
				CLANG_WARN_INT_CONVERSION = YES;
				CLANG_WARN_OBJC_ROOT_CLASS = YES_ERROR;
				CLANG_WARN_UNREACHABLE_CODE = YES;
				CLANG_WARN__DUPLICATE_METHOD_MATCH = YES;
				"CODE_SIGN_IDENTITY[sdk=iphoneos*]" = "iPhone Developer";
				COPY_PHASE_STRIP = NO;
				DEBUG_INFORMATION_FORMAT = dwarf;
				ENABLE_STRICT_OBJC_MSGSEND = YES;
				ENABLE_TESTABILITY = YES;
				GCC_C_LANGUAGE_STANDARD = gnu99;
				GCC_DYNAMIC_NO_PIC = NO;
				GCC_NO_COMMON_BLOCKS = YES;
				GCC_OPTIMIZATION_LEVEL = 0;
				GCC_PREPROCESSOR_DEFINITIONS = (
					"DEBUG=1",
					"$(inherited)",
				);
				GCC_WARN_64_TO_32_BIT_CONVERSION = YES;
				GCC_WARN_ABOUT_RETURN_TYPE = YES_ERROR;
				GCC_WARN_UNDECLARED_SELECTOR = YES;
				GCC_WARN_UNINITIALIZED_AUTOS = YES_AGGRESSIVE;
				GCC_WARN_UNUSED_FUNCTION = YES;
				GCC_WARN_UNUSED_VARIABLE = YES;
				IPHONEOS_DEPLOYMENT_TARGET = 9.2;
				MTL_ENABLE_DEBUG_INFO = YES;
				ONLY_ACTIVE_ARCH = YES;
				SDKROOT = iphoneos;
				SWIFT_OPTIMIZATION_LEVEL = "-Onone";
			};
			name = Debug;
		};
		A0FA4C1B1C306FA500E4927D /* Release */ = {
			isa = XCBuildConfiguration;
			buildSettings = {
				ALWAYS_SEARCH_USER_PATHS = NO;
				CLANG_CXX_LANGUAGE_STANDARD = "gnu++0x";
				CLANG_CXX_LIBRARY = "libc++";
				CLANG_ENABLE_MODULES = YES;
				CLANG_ENABLE_OBJC_ARC = YES;
				CLANG_WARN_BOOL_CONVERSION = YES;
				CLANG_WARN_CONSTANT_CONVERSION = YES;
				CLANG_WARN_DIRECT_OBJC_ISA_USAGE = YES_ERROR;
				CLANG_WARN_EMPTY_BODY = YES;
				CLANG_WARN_ENUM_CONVERSION = YES;
				CLANG_WARN_INT_CONVERSION = YES;
				CLANG_WARN_OBJC_ROOT_CLASS = YES_ERROR;
				CLANG_WARN_UNREACHABLE_CODE = YES;
				CLANG_WARN__DUPLICATE_METHOD_MATCH = YES;
				"CODE_SIGN_IDENTITY[sdk=iphoneos*]" = "iPhone Developer";
				COPY_PHASE_STRIP = NO;
				DEBUG_INFORMATION_FORMAT = "dwarf-with-dsym";
				ENABLE_NS_ASSERTIONS = NO;
				ENABLE_STRICT_OBJC_MSGSEND = YES;
				GCC_C_LANGUAGE_STANDARD = gnu99;
				GCC_NO_COMMON_BLOCKS = YES;
				GCC_WARN_64_TO_32_BIT_CONVERSION = YES;
				GCC_WARN_ABOUT_RETURN_TYPE = YES_ERROR;
				GCC_WARN_UNDECLARED_SELECTOR = YES;
				GCC_WARN_UNINITIALIZED_AUTOS = YES_AGGRESSIVE;
				GCC_WARN_UNUSED_FUNCTION = YES;
				GCC_WARN_UNUSED_VARIABLE = YES;
				IPHONEOS_DEPLOYMENT_TARGET = 9.2;
				MTL_ENABLE_DEBUG_INFO = NO;
				SDKROOT = iphoneos;
				VALIDATE_PRODUCT = YES;
			};
			name = Release;
		};
		A0FA4C1D1C306FA500E4927D /* Debug */ = {
			isa = XCBuildConfiguration;
			buildSettings = {
				ASSETCATALOG_COMPILER_APPICON_NAME = AppIcon;
				INFOPLIST_FILE = MapSwiftBox/Info.plist;
				LD_RUNPATH_SEARCH_PATHS = "$(inherited) @executable_path/Frameworks";
				PRODUCT_BUNDLE_IDENTIFIER = ninja.lucas.MapSwiftBox;
				PRODUCT_NAME = "$(TARGET_NAME)";
			};
			name = Debug;
		};
		A0FA4C1E1C306FA500E4927D /* Release */ = {
			isa = XCBuildConfiguration;
			buildSettings = {
				ASSETCATALOG_COMPILER_APPICON_NAME = AppIcon;
				INFOPLIST_FILE = MapSwiftBox/Info.plist;
				LD_RUNPATH_SEARCH_PATHS = "$(inherited) @executable_path/Frameworks";
				PRODUCT_BUNDLE_IDENTIFIER = ninja.lucas.MapSwiftBox;
				PRODUCT_NAME = "$(TARGET_NAME)";
			};
			name = Release;
		};
/* End XCBuildConfiguration section */

/* Begin XCConfigurationList section */
		A0FA4C051C306FA500E4927D /* Build configuration list for PBXProject "MapSwiftBox" */ = {
			isa = XCConfigurationList;
			buildConfigurations = (
				A0FA4C1A1C306FA500E4927D /* Debug */,
				A0FA4C1B1C306FA500E4927D /* Release */,
			);
			defaultConfigurationIsVisible = 0;
			defaultConfigurationName = Release;
		};
		A0FA4C1C1C306FA500E4927D /* Build configuration list for PBXNativeTarget "MapSwiftBox" */ = {
			isa = XCConfigurationList;
			buildConfigurations = (
				A0FA4C1D1C306FA500E4927D /* Debug */,
				A0FA4C1E1C306FA500E4927D /* Release */,
			);
			defaultConfigurationIsVisible = 0;
		};
/* End XCConfigurationList section */
	};
	rootObject = A0FA4C021C306FA500E4927D /* Project object */;
}
